
Microsoft Visual Studio Solution File, Format Version 12.00
# Visual Studio 15
VisualStudioVersion = 15.0.28307.136
MinimumVisualStudioVersion = 10.0.40219.1
Project("{FAE04EC0-301F-11D3-BF4B-00C04F79EFBC}") = "Vidly", "Vidly\Vidly.csproj", "{52A172AF-3D86-459E-8164-78930CE158F0}"
EndProject
Global
	GlobalSection(SolutionConfigurationPlatforms) = preSolution
		Debug|Any CPU = Debug|Any CPU
		Release|Any CPU = Release|Any CPU
	EndGlobalSection
	GlobalSection(ProjectConfigurationPlatforms) = postSolution
		{52A172AF-3D86-459E-8164-78930CE158F0}.Debug|Any CPU.ActiveCfg = Debug|Any CPU
		{52A172AF-3D86-459E-8164-78930CE158F0}.Debug|Any CPU.Build.0 = Debug|Any CPU
		{52A172AF-3D86-459E-8164-78930CE158F0}.Release|Any CPU.ActiveCfg = Release|Any CPU
		{52A172AF-3D86-459E-8164-78930CE158F0}.Release|Any CPU.Build.0 = Release|Any CPU
	EndGlobalSection
	GlobalSection(SolutionProperties) = preSolution
		HideSolutionNode = FALSE
	EndGlobalSection
	GlobalSection(ExtensibilityGlobals) = postSolution
		SolutionGuid = {EF19E597-A3A4-41E8-B526-E0304ADDD6AB}
	EndGlobalSection
EndGlobal
