
Microsoft Visual Studio Solution File, Format Version 12.00
# Visual Studio Version 16
VisualStudioVersion = 16.0.30611.23
MinimumVisualStudioVersion = 10.0.40219.1
Project("{9A19103F-16F7-4668-BE54-9A1E7A4F7556}") = "InfluxDemo.Client", "InfluxDemo.Client\InfluxDemo.Client.csproj", "{B2BA892B-0F6A-4C43-AF65-62D5D2589910}"
EndProject
Project("{FAE04EC0-301F-11D3-BF4B-00C04F79EFBC}") = "Influx2Demo.Client", "Influx2Demo.Client\Influx2Demo.Client.csproj", "{60E3B129-01F2-4D53-B993-A97466D6F1C1}"
EndProject
Project("{FAE04EC0-301F-11D3-BF4B-00C04F79EFBC}") = "Influx2Demo.Logic", "Influx2Demo.Logic\Influx2Demo.Logic.csproj", "{68BA83D6-662E-44FE-85E3-9106D9931B49}"
EndProject
Global
	GlobalSection(SolutionConfigurationPlatforms) = preSolution
		Debug|Any CPU = Debug|Any CPU
		Release|Any CPU = Release|Any CPU
	EndGlobalSection
	GlobalSection(ProjectConfigurationPlatforms) = postSolution
		{B2BA892B-0F6A-4C43-AF65-62D5D2589910}.Debug|Any CPU.ActiveCfg = Debug|Any CPU
		{B2BA892B-0F6A-4C43-AF65-62D5D2589910}.Debug|Any CPU.Build.0 = Debug|Any CPU
		{B2BA892B-0F6A-4C43-AF65-62D5D2589910}.Release|Any CPU.ActiveCfg = Release|Any CPU
		{B2BA892B-0F6A-4C43-AF65-62D5D2589910}.Release|Any CPU.Build.0 = Release|Any CPU
		{60E3B129-01F2-4D53-B993-A97466D6F1C1}.Debug|Any CPU.ActiveCfg = Debug|Any CPU
		{60E3B129-01F2-4D53-B993-A97466D6F1C1}.Debug|Any CPU.Build.0 = Debug|Any CPU
		{60E3B129-01F2-4D53-B993-A97466D6F1C1}.Release|Any CPU.ActiveCfg = Release|Any CPU
		{60E3B129-01F2-4D53-B993-A97466D6F1C1}.Release|Any CPU.Build.0 = Release|Any CPU
		{68BA83D6-662E-44FE-85E3-9106D9931B49}.Debug|Any CPU.ActiveCfg = Debug|Any CPU
		{68BA83D6-662E-44FE-85E3-9106D9931B49}.Debug|Any CPU.Build.0 = Debug|Any CPU
		{68BA83D6-662E-44FE-85E3-9106D9931B49}.Release|Any CPU.ActiveCfg = Release|Any CPU
		{68BA83D6-662E-44FE-85E3-9106D9931B49}.Release|Any CPU.Build.0 = Release|Any CPU
	EndGlobalSection
	GlobalSection(SolutionProperties) = preSolution
		HideSolutionNode = FALSE
	EndGlobalSection
	GlobalSection(ExtensibilityGlobals) = postSolution
		SolutionGuid = {3F934B40-CE8E-4BD7-A8BF-01A6206BF383}
	EndGlobalSection
EndGlobal
