
Microsoft Visual Studio Solution File, Format Version 12.00
# Visual Studio Version 16
VisualStudioVersion = 16.0.31105.61
MinimumVisualStudioVersion = 10.0.40219.1
Project("{FAE04EC0-301F-11D3-BF4B-00C04F79EFBC}") = "HelloWorld", "HelloWorld\HelloWorld.csproj", "{F83991CD-EE48-42D9-889B-68D2FE6DE27F}"
EndProject
Project("{FAE04EC0-301F-11D3-BF4B-00C04F79EFBC}") = "Graphics", "Graphics\Graphics.csproj", "{1450964A-5BF1-46B5-8E42-5D7CA756ADAB}"
EndProject
Project("{FAE04EC0-301F-11D3-BF4B-00C04F79EFBC}") = "MultiplePages", "MultiplePages\MultiplePages.csproj", "{4152AD6C-4214-40A1-8432-F52721EBC824}"
EndProject
Project("{FAE04EC0-301F-11D3-BF4B-00C04F79EFBC}") = "PercentageArc", "PercentageArc\PercentageArc.csproj", "{66D70194-44B2-4D53-90BD-ACA330E03F60}"
EndProject
Project("{FAE04EC0-301F-11D3-BF4B-00C04F79EFBC}") = "PDFsharpLib", "PDFsharpLib\PDFsharpLib.csproj", "{6ED6AC7E-EAB0-49B3-BCE7-69D9789BA55F}"
EndProject
Project("{FAE04EC0-301F-11D3-BF4B-00C04F79EFBC}") = "HelloMigraDoc", "HelloMigraDoc\HelloMigraDoc.csproj", "{81B6FC16-D2C0-4C87-B384-DB139BC1C1F0}"
EndProject
Global
	GlobalSection(SolutionConfigurationPlatforms) = preSolution
		Debug|Any CPU = Debug|Any CPU
		Release|Any CPU = Release|Any CPU
	EndGlobalSection
	GlobalSection(ProjectConfigurationPlatforms) = postSolution
		{F83991CD-EE48-42D9-889B-68D2FE6DE27F}.Debug|Any CPU.ActiveCfg = Debug|Any CPU
		{F83991CD-EE48-42D9-889B-68D2FE6DE27F}.Debug|Any CPU.Build.0 = Debug|Any CPU
		{F83991CD-EE48-42D9-889B-68D2FE6DE27F}.Release|Any CPU.ActiveCfg = Release|Any CPU
		{F83991CD-EE48-42D9-889B-68D2FE6DE27F}.Release|Any CPU.Build.0 = Release|Any CPU
		{1450964A-5BF1-46B5-8E42-5D7CA756ADAB}.Debug|Any CPU.ActiveCfg = Debug|Any CPU
		{1450964A-5BF1-46B5-8E42-5D7CA756ADAB}.Debug|Any CPU.Build.0 = Debug|Any CPU
		{1450964A-5BF1-46B5-8E42-5D7CA756ADAB}.Release|Any CPU.ActiveCfg = Release|Any CPU
		{1450964A-5BF1-46B5-8E42-5D7CA756ADAB}.Release|Any CPU.Build.0 = Release|Any CPU
		{4152AD6C-4214-40A1-8432-F52721EBC824}.Debug|Any CPU.ActiveCfg = Debug|Any CPU
		{4152AD6C-4214-40A1-8432-F52721EBC824}.Debug|Any CPU.Build.0 = Debug|Any CPU
		{4152AD6C-4214-40A1-8432-F52721EBC824}.Release|Any CPU.ActiveCfg = Release|Any CPU
		{4152AD6C-4214-40A1-8432-F52721EBC824}.Release|Any CPU.Build.0 = Release|Any CPU
		{66D70194-44B2-4D53-90BD-ACA330E03F60}.Debug|Any CPU.ActiveCfg = Debug|Any CPU
		{66D70194-44B2-4D53-90BD-ACA330E03F60}.Debug|Any CPU.Build.0 = Debug|Any CPU
		{66D70194-44B2-4D53-90BD-ACA330E03F60}.Release|Any CPU.ActiveCfg = Release|Any CPU
		{66D70194-44B2-4D53-90BD-ACA330E03F60}.Release|Any CPU.Build.0 = Release|Any CPU
		{6ED6AC7E-EAB0-49B3-BCE7-69D9789BA55F}.Debug|Any CPU.ActiveCfg = Debug|Any CPU
		{6ED6AC7E-EAB0-49B3-BCE7-69D9789BA55F}.Debug|Any CPU.Build.0 = Debug|Any CPU
		{6ED6AC7E-EAB0-49B3-BCE7-69D9789BA55F}.Release|Any CPU.ActiveCfg = Release|Any CPU
		{6ED6AC7E-EAB0-49B3-BCE7-69D9789BA55F}.Release|Any CPU.Build.0 = Release|Any CPU
		{81B6FC16-D2C0-4C87-B384-DB139BC1C1F0}.Debug|Any CPU.ActiveCfg = Debug|Any CPU
		{81B6FC16-D2C0-4C87-B384-DB139BC1C1F0}.Debug|Any CPU.Build.0 = Debug|Any CPU
		{81B6FC16-D2C0-4C87-B384-DB139BC1C1F0}.Release|Any CPU.ActiveCfg = Release|Any CPU
		{81B6FC16-D2C0-4C87-B384-DB139BC1C1F0}.Release|Any CPU.Build.0 = Release|Any CPU
	EndGlobalSection
	GlobalSection(SolutionProperties) = preSolution
		HideSolutionNode = FALSE
	EndGlobalSection
	GlobalSection(ExtensibilityGlobals) = postSolution
		SolutionGuid = {A9523E7C-9144-4415-BFC2-974A19E31D09}
	EndGlobalSection
EndGlobal
