
Microsoft Visual Studio Solution File, Format Version 12.00
# Visual Studio Version 16
VisualStudioVersion = 16.0.31313.79
MinimumVisualStudioVersion = 10.0.40219.1
Project("{FAE04EC0-301F-11D3-BF4B-00C04F79EFBC}") = "WPFTextBoxBehaviorDemo", "WPFTextBoxBehaviorDemo\WPFTextBoxBehaviorDemo.csproj", "{7643A1AA-258F-4FA4-8E05-FB857ED644B5}"
EndProject
Global
	GlobalSection(SolutionConfigurationPlatforms) = preSolution
		Debug|Any CPU = Debug|Any CPU
		Release|Any CPU = Release|Any CPU
	EndGlobalSection
	GlobalSection(ProjectConfigurationPlatforms) = postSolution
		{7643A1AA-258F-4FA4-8E05-FB857ED644B5}.Debug|Any CPU.ActiveCfg = Debug|Any CPU
		{7643A1AA-258F-4FA4-8E05-FB857ED644B5}.Debug|Any CPU.Build.0 = Debug|Any CPU
		{7643A1AA-258F-4FA4-8E05-FB857ED644B5}.Release|Any CPU.ActiveCfg = Release|Any CPU
		{7643A1AA-258F-4FA4-8E05-FB857ED644B5}.Release|Any CPU.Build.0 = Release|Any CPU
	EndGlobalSection
	GlobalSection(SolutionProperties) = preSolution
		HideSolutionNode = FALSE
	EndGlobalSection
	GlobalSection(ExtensibilityGlobals) = postSolution
		SolutionGuid = {5CCF7D2A-3164-4AE4-9809-CB1D33788CE8}
	EndGlobalSection
EndGlobal
