
Microsoft Visual Studio Solution File, Format Version 12.00
# Visual Studio Version 16
VisualStudioVersion = 16.0.31702.278
MinimumVisualStudioVersion = 10.0.40219.1
Project("{FAE04EC0-301F-11D3-BF4B-00C04F79EFBC}") = "SerializerConsoleApp", "SerializerConsoleApp\SerializerConsoleApp.csproj", "{63CC4DB7-705C-4144-9D9E-510757B90089}"
EndProject
Global
	GlobalSection(SolutionConfigurationPlatforms) = preSolution
		Debug|Any CPU = Debug|Any CPU
		Release|Any CPU = Release|Any CPU
	EndGlobalSection
	GlobalSection(ProjectConfigurationPlatforms) = postSolution
		{63CC4DB7-705C-4144-9D9E-510757B90089}.Debug|Any CPU.ActiveCfg = Debug|Any CPU
		{63CC4DB7-705C-4144-9D9E-510757B90089}.Debug|Any CPU.Build.0 = Debug|Any CPU
		{63CC4DB7-705C-4144-9D9E-510757B90089}.Release|Any CPU.ActiveCfg = Release|Any CPU
		{63CC4DB7-705C-4144-9D9E-510757B90089}.Release|Any CPU.Build.0 = Release|Any CPU
	EndGlobalSection
	GlobalSection(SolutionProperties) = preSolution
		HideSolutionNode = FALSE
	EndGlobalSection
	GlobalSection(ExtensibilityGlobals) = postSolution
		SolutionGuid = {0BEFDC2D-1E83-4501-93A7-6192B8438AD9}
	EndGlobalSection
EndGlobal
