
Microsoft Visual Studio Solution File, Format Version 12.00
# Visual Studio Version 16
VisualStudioVersion = 16.0.32106.194
MinimumVisualStudioVersion = 10.0.40219.1
Project("{FAE04EC0-301F-11D3-BF4B-00C04F79EFBC}") = "XmlLinqDemo", "XmlLinqDemo.csproj", "{A250A95D-CC06-4816-BACB-4B5210F521C8}"
EndProject
Global
	GlobalSection(SolutionConfigurationPlatforms) = preSolution
		Debug|Any CPU = Debug|Any CPU
		Release|Any CPU = Release|Any CPU
	EndGlobalSection
	GlobalSection(ProjectConfigurationPlatforms) = postSolution
		{A250A95D-CC06-4816-BACB-4B5210F521C8}.Debug|Any CPU.ActiveCfg = Debug|Any CPU
		{A250A95D-CC06-4816-BACB-4B5210F521C8}.Debug|Any CPU.Build.0 = Debug|Any CPU
		{A250A95D-CC06-4816-BACB-4B5210F521C8}.Release|Any CPU.ActiveCfg = Release|Any CPU
		{A250A95D-CC06-4816-BACB-4B5210F521C8}.Release|Any CPU.Build.0 = Release|Any CPU
	EndGlobalSection
	GlobalSection(SolutionProperties) = preSolution
		HideSolutionNode = FALSE
	EndGlobalSection
	GlobalSection(ExtensibilityGlobals) = postSolution
		SolutionGuid = {10CB1EFB-0D09-4D0D-8C80-2A94786B9E48}
	EndGlobalSection
EndGlobal
